{
    "hash": "474a56e0c838e62005d3fd93d2be112e",
    "packages": [
        {
            "package": "doctrine/common",
            "version": "2.2.2"
        },
        {
            "package": "doctrine/dbal",
            "version": "2.2.2"
        },
        {
            "package": "doctrine/orm",
            "version": "2.2.2"
        },
        {
            "package": "orkestra/common",
            "version": "0.1.x-dev",
            "source-reference": "99a475e6b347c379311fd598a0ca7c59539ad456"
        },
        {
            "package": "symfony/dependency-injection",
            "version": "2.0.x-dev",
            "source-reference": "787f4a6a1f70f1e9a09181916091b3076425b909"
        },
        {
            "package": "symfony/http-foundation",
            "version": "v2.0.14"
        }
    ],
    "packages-dev": null,
    "aliases": [

    ],
    "minimum-stability": "stable",
    "stability-flags": {
        "orkestra/common": 20
    }
}
